// !$*UTF8*$!
{
	archiveVersion = 1;
	classes = {
	};
	objectVersion = 46;
	objects = {

/* Begin PBXBuildFile section */
		E23A28431EABFA01009A9E76 /* Constants.swift in Sources */ = {isa = PBXBuildFile; fileRef = E23A28421EABFA01009A9E76 /* Constants.swift */; };
		E23A28451EAE9F74009A9E76 /* HomeViewController.swift in Sources */ = {isa = PBXBuildFile; fileRef = E23A28441EAE9F74009A9E76 /* HomeViewController.swift */; };
		E23A28481EAEA962009A9E76 /* PostCollectionViewCell.swift in Sources */ = {isa = PBXBuildFile; fileRef = E23A28461EAEA962009A9E76 /* PostCollectionViewCell.swift */; };
		E23A28491EAEA962009A9E76 /* PostCollectionViewCell.xib in Resources */ = {isa = PBXBuildFile; fileRef = E23A28471EAEA962009A9E76 /* PostCollectionViewCell.xib */; };
		E23A284C1EAEACB3009A9E76 /* UIResponder+Utilities.swift in Sources */ = {isa = PBXBuildFile; fileRef = E23A284B1EAEACB3009A9E76 /* UIResponder+Utilities.swift */; };
		E299346A1EABDB620002E449 /* AppDelegate.swift in Sources */ = {isa = PBXBuildFile; fileRef = E29934691EABDB620002E449 /* AppDelegate.swift */; };
		E299346F1EABDB620002E449 /* Main.storyboard in Resources */ = {isa = PBXBuildFile; fileRef = E299346D1EABDB620002E449 /* Main.storyboard */; };
		E29934711EABDB620002E449 /* Assets.xcassets in Resources */ = {isa = PBXBuildFile; fileRef = E29934701EABDB620002E449 /* Assets.xcassets */; };
		E29934741EABDB620002E449 /* LaunchScreen.storyboard in Resources */ = {isa = PBXBuildFile; fileRef = E29934721EABDB620002E449 /* LaunchScreen.storyboard */; };
		E29934811EABDBE70002E449 /* LoginViewController.swift in Sources */ = {isa = PBXBuildFile; fileRef = E29934801EABDBE70002E449 /* LoginViewController.swift */; };
		E29934841EABE1490002E449 /* APIManager.swift in Sources */ = {isa = PBXBuildFile; fileRef = E29934831EABE1490002E449 /* APIManager.swift */; };
		E299348D1EABE2CC0002E449 /* SwiftyJSON.framework in Frameworks */ = {isa = PBXBuildFile; fileRef = E29934881EABE1E80002E449 /* SwiftyJSON.framework */; };
		E299348E1EABE2CC0002E449 /* SwiftyJSON.framework in Embed Frameworks */ = {isa = PBXBuildFile; fileRef = E29934881EABE1E80002E449 /* SwiftyJSON.framework */; settings = {ATTRIBUTES = (CodeSignOnCopy, RemoveHeadersOnCopy, ); }; };
		E299348F1EABE2CC0002E449 /* Alamofire.framework in Frameworks */ = {isa = PBXBuildFile; fileRef = E29934861EABE1DF0002E449 /* Alamofire.framework */; };
		E29934901EABE2CC0002E449 /* Alamofire.framework in Embed Frameworks */ = {isa = PBXBuildFile; fileRef = E29934861EABE1DF0002E449 /* Alamofire.framework */; settings = {ATTRIBUTES = (CodeSignOnCopy, RemoveHeadersOnCopy, ); }; };
		E29934941EABE4460002E449 /* User.swift in Sources */ = {isa = PBXBuildFile; fileRef = E29934931EABE4460002E449 /* User.swift */; };
		E29934961EABE6C90002E449 /* InstagramService.swift in Sources */ = {isa = PBXBuildFile; fileRef = E29934951EABE6C90002E449 /* InstagramService.swift */; };
		E299349B1EABECB50002E449 /* LoginViewModel.swift in Sources */ = {isa = PBXBuildFile; fileRef = E299349A1EABECB50002E449 /* LoginViewModel.swift */; };
		E299349D1EABF04A0002E449 /* InstagramRouter.swift in Sources */ = {isa = PBXBuildFile; fileRef = E299349C1EABF04A0002E449 /* InstagramRouter.swift */; };
/* End PBXBuildFile section */

/* Begin PBXCopyFilesBuildPhase section */
		E29934911EABE2CC0002E449 /* Embed Frameworks */ = {
			isa = PBXCopyFilesBuildPhase;
			buildActionMask = 2147483647;
			dstPath = "";
			dstSubfolderSpec = 10;
			files = (
				E299348E1EABE2CC0002E449 /* SwiftyJSON.framework in Embed Frameworks */,
				E29934901EABE2CC0002E449 /* Alamofire.framework in Embed Frameworks */,
			);
			name = "Embed Frameworks";
			runOnlyForDeploymentPostprocessing = 0;
		};
/* End PBXCopyFilesBuildPhase section */

/* Begin PBXFileReference section */
		E23A28421EABFA01009A9E76 /* Constants.swift */ = {isa = PBXFileReference; fileEncoding = 4; lastKnownFileType = sourcecode.swift; name = Constants.swift; path = "Supporting Files/Constants.swift"; sourceTree = "<group>"; };
		E23A28441EAE9F74009A9E76 /* HomeViewController.swift */ = {isa = PBXFileReference; fileEncoding = 4; lastKnownFileType = sourcecode.swift; name = HomeViewController.swift; path = "View Controllers/HomeViewController.swift"; sourceTree = "<group>"; };
		E23A28461EAEA962009A9E76 /* PostCollectionViewCell.swift */ = {isa = PBXFileReference; fileEncoding = 4; lastKnownFileType = sourcecode.swift; name = PostCollectionViewCell.swift; path = Views/PostCollectionViewCell.swift; sourceTree = "<group>"; };
		E23A28471EAEA962009A9E76 /* PostCollectionViewCell.xib */ = {isa = PBXFileReference; fileEncoding = 4; lastKnownFileType = file.xib; name = PostCollectionViewCell.xib; path = Views/PostCollectionViewCell.xib; sourceTree = "<group>"; };
		E23A284B1EAEACB3009A9E76 /* UIResponder+Utilities.swift */ = {isa = PBXFileReference; fileEncoding = 4; lastKnownFileType = sourcecode.swift; path = "UIResponder+Utilities.swift"; sourceTree = "<group>"; };
		E29934661EABDB620002E449 /* Instagram23AndMe.app */ = {isa = PBXFileReference; explicitFileType = wrapper.application; includeInIndex = 0; path = Instagram23AndMe.app; sourceTree = BUILT_PRODUCTS_DIR; };
		E29934691EABDB620002E449 /* AppDelegate.swift */ = {isa = PBXFileReference; lastKnownFileType = sourcecode.swift; path = AppDelegate.swift; sourceTree = "<group>"; };
		E299346E1EABDB620002E449 /* Base */ = {isa = PBXFileReference; lastKnownFileType = file.storyboard; name = Base; path = Base.lproj/Main.storyboard; sourceTree = "<group>"; };
		E29934701EABDB620002E449 /* Assets.xcassets */ = {isa = PBXFileReference; lastKnownFileType = folder.assetcatalog; path = Assets.xcassets; sourceTree = "<group>"; };
		E29934731EABDB620002E449 /* Base */ = {isa = PBXFileReference; lastKnownFileType = file.storyboard; name = Base; path = Base.lproj/LaunchScreen.storyboard; sourceTree = "<group>"; };
		E29934751EABDB620002E449 /* Info.plist */ = {isa = PBXFileReference; lastKnownFileType = text.plist.xml; path = Info.plist; sourceTree = "<group>"; };
		E29934801EABDBE70002E449 /* LoginViewController.swift */ = {isa = PBXFileReference; fileEncoding = 4; lastKnownFileType = sourcecode.swift; name = LoginViewController.swift; path = "View Controllers/LoginViewController.swift"; sourceTree = "<group>"; };
		E29934831EABE1490002E449 /* APIManager.swift */ = {isa = PBXFileReference; fileEncoding = 4; lastKnownFileType = sourcecode.swift; name = APIManager.swift; path = Networking/APIManager.swift; sourceTree = "<group>"; };
		E29934861EABE1DF0002E449 /* Alamofire.framework */ = {isa = PBXFileReference; lastKnownFileType = wrapper.framework; name = Alamofire.framework; path = Carthage/Build/iOS/Alamofire.framework; sourceTree = "<group>"; };
		E29934881EABE1E80002E449 /* SwiftyJSON.framework */ = {isa = PBXFileReference; lastKnownFileType = wrapper.framework; name = SwiftyJSON.framework; path = Carthage/Build/iOS/SwiftyJSON.framework; sourceTree = "<group>"; };
		E29934931EABE4460002E449 /* User.swift */ = {isa = PBXFileReference; fileEncoding = 4; lastKnownFileType = sourcecode.swift; name = User.swift; path = Models/User.swift; sourceTree = "<group>"; };
		E29934951EABE6C90002E449 /* InstagramService.swift */ = {isa = PBXFileReference; fileEncoding = 4; lastKnownFileType = sourcecode.swift; name = InstagramService.swift; path = Services/InstagramService.swift; sourceTree = "<group>"; };
		E299349A1EABECB50002E449 /* LoginViewModel.swift */ = {isa = PBXFileReference; fileEncoding = 4; lastKnownFileType = sourcecode.swift; name = LoginViewModel.swift; path = "View Models/LoginViewModel.swift"; sourceTree = "<group>"; };
		E299349C1EABF04A0002E449 /* InstagramRouter.swift */ = {isa = PBXFileReference; fileEncoding = 4; lastKnownFileType = sourcecode.swift; name = InstagramRouter.swift; path = Services/InstagramRouter.swift; sourceTree = "<group>"; };
/* End PBXFileReference section */

/* Begin PBXFrameworksBuildPhase section */
		E29934631EABDB620002E449 /* Frameworks */ = {
			isa = PBXFrameworksBuildPhase;
			buildActionMask = 2147483647;
			files = (
				E299348D1EABE2CC0002E449 /* SwiftyJSON.framework in Frameworks */,
				E299348F1EABE2CC0002E449 /* Alamofire.framework in Frameworks */,
			);
			runOnlyForDeploymentPostprocessing = 0;
		};
/* End PBXFrameworksBuildPhase section */

/* Begin PBXGroup section */
		E23A284A1EAEAC36009A9E76 /* Extensions */ = {
			isa = PBXGroup;
			children = (
				E23A284B1EAEACB3009A9E76 /* UIResponder+Utilities.swift */,
			);
			name = Extensions;
			sourceTree = "<group>";
		};
		E23A284D1EAEB096009A9E76 /* Table View Cells */ = {
			isa = PBXGroup;
			children = (
				E23A28461EAEA962009A9E76 /* PostCollectionViewCell.swift */,
				E23A28471EAEA962009A9E76 /* PostCollectionViewCell.xib */,
			);
			name = "Table View Cells";
			sourceTree = "<group>";
		};
		E299345D1EABDB620002E449 = {
			isa = PBXGroup;
			children = (
				E29934681EABDB620002E449 /* Instagram23AndMe */,
				E29934671EABDB620002E449 /* Products */,
				E29934851EABE1DE0002E449 /* Frameworks */,
			);
			sourceTree = "<group>";
		};
		E29934671EABDB620002E449 /* Products */ = {
			isa = PBXGroup;
			children = (
				E29934661EABDB620002E449 /* Instagram23AndMe.app */,
			);
			name = Products;
			sourceTree = "<group>";
		};
		E29934681EABDB620002E449 /* Instagram23AndMe */ = {
			isa = PBXGroup;
			children = (
				E29934691EABDB620002E449 /* AppDelegate.swift */,
				E29934821EABE12D0002E449 /* Networking */,
				E29934921EABE3F20002E449 /* Services */,
				E299347D1EABDB730002E449 /* Models */,
				E299347C1EABDB6F0002E449 /* Views */,
				E29934991EABEC5C0002E449 /* View Models */,
				E299347B1EABDB6A0002E449 /* View Controllers */,
				E299347F1EABDB880002E449 /* Storyboards */,
				E23A284A1EAEAC36009A9E76 /* Extensions */,
				E299347E1EABDB7A0002E449 /* Supporting Files */,
			);
			path = Instagram23AndMe;
			sourceTree = "<group>";
		};
		E299347B1EABDB6A0002E449 /* View Controllers */ = {
			isa = PBXGroup;
			children = (
				E29934801EABDBE70002E449 /* LoginViewController.swift */,
				E23A28441EAE9F74009A9E76 /* HomeViewController.swift */,
			);
			name = "View Controllers";
			sourceTree = "<group>";
		};
		E299347C1EABDB6F0002E449 /* Views */ = {
			isa = PBXGroup;
			children = (
				E23A284D1EAEB096009A9E76 /* Table View Cells */,
			);
			name = Views;
			sourceTree = "<group>";
		};
		E299347D1EABDB730002E449 /* Models */ = {
			isa = PBXGroup;
			children = (
				E29934931EABE4460002E449 /* User.swift */,
			);
			name = Models;
			sourceTree = "<group>";
		};
		E299347E1EABDB7A0002E449 /* Supporting Files */ = {
			isa = PBXGroup;
			children = (
				E29934701EABDB620002E449 /* Assets.xcassets */,
				E29934751EABDB620002E449 /* Info.plist */,
				E23A28421EABFA01009A9E76 /* Constants.swift */,
			);
			name = "Supporting Files";
			sourceTree = "<group>";
		};
		E299347F1EABDB880002E449 /* Storyboards */ = {
			isa = PBXGroup;
			children = (
				E299346D1EABDB620002E449 /* Main.storyboard */,
				E29934721EABDB620002E449 /* LaunchScreen.storyboard */,
			);
			name = Storyboards;
			sourceTree = "<group>";
		};
		E29934821EABE12D0002E449 /* Networking */ = {
			isa = PBXGroup;
			children = (
				E29934831EABE1490002E449 /* APIManager.swift */,
			);
			name = Networking;
			sourceTree = "<group>";
		};
		E29934851EABE1DE0002E449 /* Frameworks */ = {
			isa = PBXGroup;
			children = (
				E29934881EABE1E80002E449 /* SwiftyJSON.framework */,
				E29934861EABE1DF0002E449 /* Alamofire.framework */,
			);
			name = Frameworks;
			sourceTree = "<group>";
		};
		E29934921EABE3F20002E449 /* Services */ = {
			isa = PBXGroup;
			children = (
				E29934951EABE6C90002E449 /* InstagramService.swift */,
				E299349C1EABF04A0002E449 /* InstagramRouter.swift */,
			);
			name = Services;
			sourceTree = "<group>";
		};
		E29934991EABEC5C0002E449 /* View Models */ = {
			isa = PBXGroup;
			children = (
				E299349A1EABECB50002E449 /* LoginViewModel.swift */,
			);
			name = "View Models";
			sourceTree = "<group>";
		};
/* End PBXGroup section */

/* Begin PBXNativeTarget section */
		E29934651EABDB620002E449 /* Instagram23AndMe */ = {
			isa = PBXNativeTarget;
			buildConfigurationList = E29934781EABDB620002E449 /* Build configuration list for PBXNativeTarget "Instagram23AndMe" */;
			buildPhases = (
				E29934621EABDB620002E449 /* Sources */,
				E29934631EABDB620002E449 /* Frameworks */,
				E29934641EABDB620002E449 /* Resources */,
				E29934911EABE2CC0002E449 /* Embed Frameworks */,
			);
			buildRules = (
			);
			dependencies = (
			);
			name = Instagram23AndMe;
			productName = Instagram23AndMe;
			productReference = E29934661EABDB620002E449 /* Instagram23AndMe.app */;
			productType = "com.apple.product-type.application";
		};
/* End PBXNativeTarget section */

/* Begin PBXProject section */
		E299345E1EABDB620002E449 /* Project object */ = {
			isa = PBXProject;
			attributes = {
				LastSwiftUpdateCheck = 0830;
				LastUpgradeCheck = 0830;
				ORGANIZATIONNAME = Jake;
				TargetAttributes = {
					E29934651EABDB620002E449 = {
						CreatedOnToolsVersion = 8.3;
						DevelopmentTeam = MPF357W934;
						ProvisioningStyle = Automatic;
					};
				};
			};
			buildConfigurationList = E29934611EABDB620002E449 /* Build configuration list for PBXProject "Instagram23AndMe" */;
			compatibilityVersion = "Xcode 3.2";
			developmentRegion = English;
			hasScannedForEncodings = 0;
			knownRegions = (
				en,
				Base,
			);
			mainGroup = E299345D1EABDB620002E449;
			productRefGroup = E29934671EABDB620002E449 /* Products */;
			projectDirPath = "";
			projectRoot = "";
			targets = (
				E29934651EABDB620002E449 /* Instagram23AndMe */,
			);
		};
/* End PBXProject section */

/* Begin PBXResourcesBuildPhase section */
		E29934641EABDB620002E449 /* Resources */ = {
			isa = PBXResourcesBuildPhase;
			buildActionMask = 2147483647;
			files = (
				E23A28491EAEA962009A9E76 /* PostCollectionViewCell.xib in Resources */,
				E29934741EABDB620002E449 /* LaunchScreen.storyboard in Resources */,
				E29934711EABDB620002E449 /* Assets.xcassets in Resources */,
				E299346F1EABDB620002E449 /* Main.storyboard in Resources */,
			);
			runOnlyForDeploymentPostprocessing = 0;
		};
/* End PBXResourcesBuildPhase section */

/* Begin PBXSourcesBuildPhase section */
		E29934621EABDB620002E449 /* Sources */ = {
			isa = PBXSourcesBuildPhase;
			buildActionMask = 2147483647;
			files = (
				E23A28481EAEA962009A9E76 /* PostCollectionViewCell.swift in Sources */,
				E23A284C1EAEACB3009A9E76 /* UIResponder+Utilities.swift in Sources */,
				E299349D1EABF04A0002E449 /* InstagramRouter.swift in Sources */,
				E29934941EABE4460002E449 /* User.swift in Sources */,
				E29934841EABE1490002E449 /* APIManager.swift in Sources */,
				E29934811EABDBE70002E449 /* LoginViewController.swift in Sources */,
				E299346A1EABDB620002E449 /* AppDelegate.swift in Sources */,
				E23A28451EAE9F74009A9E76 /* HomeViewController.swift in Sources */,
				E29934961EABE6C90002E449 /* InstagramService.swift in Sources */,
				E299349B1EABECB50002E449 /* LoginViewModel.swift in Sources */,
				E23A28431EABFA01009A9E76 /* Constants.swift in Sources */,
			);
			runOnlyForDeploymentPostprocessing = 0;
		};
/* End PBXSourcesBuildPhase section */

/* Begin PBXVariantGroup section */
		E299346D1EABDB620002E449 /* Main.storyboard */ = {
			isa = PBXVariantGroup;
			children = (
				E299346E1EABDB620002E449 /* Base */,
			);
			name = Main.storyboard;
			sourceTree = "<group>";
		};
		E29934721EABDB620002E449 /* LaunchScreen.storyboard */ = {
			isa = PBXVariantGroup;
			children = (
				E29934731EABDB620002E449 /* Base */,
			);
			name = LaunchScreen.storyboard;
			sourceTree = "<group>";
		};
/* End PBXVariantGroup section */

/* Begin XCBuildConfiguration section */
		E29934761EABDB620002E449 /* Debug */ = {
			isa = XCBuildConfiguration;
			buildSettings = {
				ALWAYS_SEARCH_USER_PATHS = NO;
				CLANG_ANALYZER_NONNULL = YES;
				CLANG_ANALYZER_NUMBER_OBJECT_CONVERSION = YES_AGGRESSIVE;
				CLANG_CXX_LANGUAGE_STANDARD = "gnu++0x";
				CLANG_CXX_LIBRARY = "libc++";
				CLANG_ENABLE_MODULES = YES;
				CLANG_ENABLE_OBJC_ARC = YES;
				CLANG_WARN_BOOL_CONVERSION = YES;
				CLANG_WARN_CONSTANT_CONVERSION = YES;
				CLANG_WARN_DIRECT_OBJC_ISA_USAGE = YES_ERROR;
				CLANG_WARN_DOCUMENTATION_COMMENTS = YES;
				CLANG_WARN_EMPTY_BODY = YES;
				CLANG_WARN_ENUM_CONVERSION = YES;
				CLANG_WARN_INFINITE_RECURSION = YES;
				CLANG_WARN_INT_CONVERSION = YES;
				CLANG_WARN_OBJC_ROOT_CLASS = YES_ERROR;
				CLANG_WARN_SUSPICIOUS_MOVE = YES;
				CLANG_WARN_UNREACHABLE_CODE = YES;
				CLANG_WARN__DUPLICATE_METHOD_MATCH = YES;
				"CODE_SIGN_IDENTITY[sdk=iphoneos*]" = "iPhone Developer";
				COPY_PHASE_STRIP = NO;
				DEBUG_INFORMATION_FORMAT = dwarf;
				ENABLE_STRICT_OBJC_MSGSEND = YES;
				ENABLE_TESTABILITY = YES;
				GCC_C_LANGUAGE_STANDARD = gnu99;
				GCC_DYNAMIC_NO_PIC = NO;
				GCC_NO_COMMON_BLOCKS = YES;
				GCC_OPTIMIZATION_LEVEL = 0;
				GCC_PREPROCESSOR_DEFINITIONS = (
					"DEBUG=1",
					"$(inherited)",
				);
				GCC_WARN_64_TO_32_BIT_CONVERSION = YES;
				GCC_WARN_ABOUT_RETURN_TYPE = YES_ERROR;
				GCC_WARN_UNDECLARED_SELECTOR = YES;
				GCC_WARN_UNINITIALIZED_AUTOS = YES_AGGRESSIVE;
				GCC_WARN_UNUSED_FUNCTION = YES;
				GCC_WARN_UNUSED_VARIABLE = YES;
				IPHONEOS_DEPLOYMENT_TARGET = 10.3;
				MTL_ENABLE_DEBUG_INFO = YES;
				ONLY_ACTIVE_ARCH = YES;
				SDKROOT = iphoneos;
				SWIFT_ACTIVE_COMPILATION_CONDITIONS = DEBUG;
				SWIFT_OPTIMIZATION_LEVEL = "-Onone";
			};
			name = Debug;
		};
		E29934771EABDB620002E449 /* Release */ = {
			isa = XCBuildConfiguration;
			buildSettings = {
				ALWAYS_SEARCH_USER_PATHS = NO;
				CLANG_ANALYZER_NONNULL = YES;
				CLANG_ANALYZER_NUMBER_OBJECT_CONVERSION = YES_AGGRESSIVE;
				CLANG_CXX_LANGUAGE_STANDARD = "gnu++0x";
				CLANG_CXX_LIBRARY = "libc++";
				CLANG_ENABLE_MODULES = YES;
				CLANG_ENABLE_OBJC_ARC = YES;
				CLANG_WARN_BOOL_CONVERSION = YES;
				CLANG_WARN_CONSTANT_CONVERSION = YES;
				CLANG_WARN_DIRECT_OBJC_ISA_USAGE = YES_ERROR;
				CLANG_WARN_DOCUMENTATION_COMMENTS = YES;
				CLANG_WARN_EMPTY_BODY = YES;
				CLANG_WARN_ENUM_CONVERSION = YES;
				CLANG_WARN_INFINITE_RECURSION = YES;
				CLANG_WARN_INT_CONVERSION = YES;
				CLANG_WARN_OBJC_ROOT_CLASS = YES_ERROR;
				CLANG_WARN_SUSPICIOUS_MOVE = YES;
				CLANG_WARN_UNREACHABLE_CODE = YES;
				CLANG_WARN__DUPLICATE_METHOD_MATCH = YES;
				"CODE_SIGN_IDENTITY[sdk=iphoneos*]" = "iPhone Developer";
				COPY_PHASE_STRIP = NO;
				DEBUG_INFORMATION_FORMAT = "dwarf-with-dsym";
				ENABLE_NS_ASSERTIONS = NO;
				ENABLE_STRICT_OBJC_MSGSEND = YES;
				GCC_C_LANGUAGE_STANDARD = gnu99;
				GCC_NO_COMMON_BLOCKS = YES;
				GCC_WARN_64_TO_32_BIT_CONVERSION = YES;
				GCC_WARN_ABOUT_RETURN_TYPE = YES_ERROR;
				GCC_WARN_UNDECLARED_SELECTOR = YES;
				GCC_WARN_UNINITIALIZED_AUTOS = YES_AGGRESSIVE;
				GCC_WARN_UNUSED_FUNCTION = YES;
				GCC_WARN_UNUSED_VARIABLE = YES;
				IPHONEOS_DEPLOYMENT_TARGET = 10.3;
				MTL_ENABLE_DEBUG_INFO = NO;
				SDKROOT = iphoneos;
				SWIFT_OPTIMIZATION_LEVEL = "-Owholemodule";
				VALIDATE_PRODUCT = YES;
			};
			name = Release;
		};
		E29934791EABDB620002E449 /* Debug */ = {
			isa = XCBuildConfiguration;
			buildSettings = {
				ASSETCATALOG_COMPILER_APPICON_NAME = AppIcon;
				DEVELOPMENT_TEAM = MPF357W934;
				FRAMEWORK_SEARCH_PATHS = (
					"$(inherited)",
					"$(PROJECT_DIR)/Carthage/Build/iOS",
				);
				INFOPLIST_FILE = Instagram23AndMe/Info.plist;
				LD_RUNPATH_SEARCH_PATHS = "$(inherited) @executable_path/Frameworks";
				PRODUCT_BUNDLE_IDENTIFIER = com.jakezeal.Instagram23AndMe;
				PRODUCT_NAME = "$(TARGET_NAME)";
				SWIFT_VERSION = 3.0;
			};
			name = Debug;
		};
		E299347A1EABDB620002E449 /* Release */ = {
			isa = XCBuildConfiguration;
			buildSettings = {
				ASSETCATALOG_COMPILER_APPICON_NAME = AppIcon;
				DEVELOPMENT_TEAM = MPF357W934;
				FRAMEWORK_SEARCH_PATHS = (
					"$(inherited)",
					"$(PROJECT_DIR)/Carthage/Build/iOS",
				);
				INFOPLIST_FILE = Instagram23AndMe/Info.plist;
				LD_RUNPATH_SEARCH_PATHS = "$(inherited) @executable_path/Frameworks";
				PRODUCT_BUNDLE_IDENTIFIER = com.jakezeal.Instagram23AndMe;
				PRODUCT_NAME = "$(TARGET_NAME)";
				SWIFT_VERSION = 3.0;
			};
			name = Release;
		};
/* End XCBuildConfiguration section */

/* Begin XCConfigurationList section */
		E29934611EABDB620002E449 /* Build configuration list for PBXProject "Instagram23AndMe" */ = {
			isa = XCConfigurationList;
			buildConfigurations = (
				E29934761EABDB620002E449 /* Debug */,
				E29934771EABDB620002E449 /* Release */,
			);
			defaultConfigurationIsVisible = 0;
			defaultConfigurationName = Release;
		};
		E29934781EABDB620002E449 /* Build configuration list for PBXNativeTarget "Instagram23AndMe" */ = {
			isa = XCConfigurationList;
			buildConfigurations = (
				E29934791EABDB620002E449 /* Debug */,
				E299347A1EABDB620002E449 /* Release */,
			);
			defaultConfigurationIsVisible = 0;
			defaultConfigurationName = Release;
		};
/* End XCConfigurationList section */
	};
	rootObject = E299345E1EABDB620002E449 /* Project object */;
}
